
Microsoft Visual Studio Solution File, Format Version 12.00
# Visual Studio 15
VisualStudioVersion = 15.0.27703.2042
MinimumVisualStudioVersion = 10.0.40219.1
Project("{FAE04EC0-301F-11D3-BF4B-00C04F79EFBC}") = "Discografias", "Discografias\Discografias.csproj", "{5984C9AF-7B6B-472C-BEDA-CB6980254126}"
EndProject
Global
	GlobalSection(SolutionConfigurationPlatforms) = preSolution
		Debug|Any CPU = Debug|Any CPU
		Release|Any CPU = Release|Any CPU
	EndGlobalSection
	GlobalSection(ProjectConfigurationPlatforms) = postSolution
		{5984C9AF-7B6B-472C-BEDA-CB6980254126}.Debug|Any CPU.ActiveCfg = Debug|Any CPU
		{5984C9AF-7B6B-472C-BEDA-CB6980254126}.Debug|Any CPU.Build.0 = Debug|Any CPU
		{5984C9AF-7B6B-472C-BEDA-CB6980254126}.Release|Any CPU.ActiveCfg = Release|Any CPU
		{5984C9AF-7B6B-472C-BEDA-CB6980254126}.Release|Any CPU.Build.0 = Release|Any CPU
	EndGlobalSection
	GlobalSection(SolutionProperties) = preSolution
		HideSolutionNode = FALSE
	EndGlobalSection
	GlobalSection(ExtensibilityGlobals) = postSolution
		SolutionGuid = {D010D365-9BA0-483F-8F36-F8EEF34540B9}
	EndGlobalSection
EndGlobal
